
Microsoft Visual Studio Solution File, Format Version 12.00
# Visual Studio Version 17
VisualStudioVersion = 17.9.34728.123
MinimumVisualStudioVersion = 10.0.40219.1
Project("{FAE04EC0-301F-11D3-BF4B-00C04F79EFBC}") = "Banko", "Banko\Banko.csproj", "{222782C7-15F3-4CA2-B149-B7995241DBCD}"
EndProject
Global
	GlobalSection(SolutionConfigurationPlatforms) = preSolution
		Debug|Any CPU = Debug|Any CPU
		Release|Any CPU = Release|Any CPU
	EndGlobalSection
	GlobalSection(ProjectConfigurationPlatforms) = postSolution
		{222782C7-15F3-4CA2-B149-B7995241DBCD}.Debug|Any CPU.ActiveCfg = Debug|Any CPU
		{222782C7-15F3-4CA2-B149-B7995241DBCD}.Debug|Any CPU.Build.0 = Debug|Any CPU
		{222782C7-15F3-4CA2-B149-B7995241DBCD}.Release|Any CPU.ActiveCfg = Release|Any CPU
		{222782C7-15F3-4CA2-B149-B7995241DBCD}.Release|Any CPU.Build.0 = Release|Any CPU
	EndGlobalSection
	GlobalSection(SolutionProperties) = preSolution
		HideSolutionNode = FALSE
	EndGlobalSection
	GlobalSection(ExtensibilityGlobals) = postSolution
		SolutionGuid = {F16F95BA-4860-4224-ABE2-43456A43CD8A}
	EndGlobalSection
EndGlobal
